// !$*UTF8*$!
{
	archiveVersion = 1;
	classes = {
	};
	objectVersion = 50;
	objects = {

/* Begin PBXBuildFile section */
		3F90A7182121FB2F00C4C112 /* AppDelegate.swift in Sources */ = {isa = PBXBuildFile; fileRef = 3F90A7172121FB2F00C4C112 /* AppDelegate.swift */; };
		3F90A71F2121FB3100C4C112 /* Assets.xcassets in Resources */ = {isa = PBXBuildFile; fileRef = 3F90A71E2121FB3100C4C112 /* Assets.xcassets */; };
		3F90A7222121FB3100C4C112 /* LaunchScreen.storyboard in Resources */ = {isa = PBXBuildFile; fileRef = 3F90A7202121FB3100C4C112 /* LaunchScreen.storyboard */; };
		3F90A7312121FCB700C4C112 /* CustomUserViewController.swift in Sources */ = {isa = PBXBuildFile; fileRef = 3F90A72A2121FCB700C4C112 /* CustomUserViewController.swift */; };
		3F90A7322121FCB700C4C112 /* PageViewController.swift in Sources */ = {isa = PBXBuildFile; fileRef = 3F90A72B2121FCB700C4C112 /* PageViewController.swift */; };
		3F90A7332121FCB700C4C112 /* SaveDataManager.swift in Sources */ = {isa = PBXBuildFile; fileRef = 3F90A72D2121FCB700C4C112 /* SaveDataManager.swift */; };
		3F90A7342121FCB700C4C112 /* Main.storyboard in Resources */ = {isa = PBXBuildFile; fileRef = 3F90A72F2121FCB700C4C112 /* Main.storyboard */; };
		3FC3B1C02123107800E00389 /* Pokemon.swift in Sources */ = {isa = PBXBuildFile; fileRef = 3FC3B1BF2123107800E00389 /* Pokemon.swift */; };
		3FC3B1C22123132400E00389 /* PokedexViewController.swift in Sources */ = {isa = PBXBuildFile; fileRef = 3FC3B1C12123132400E00389 /* PokedexViewController.swift */; };
		3FC3B1C6212314C700E00389 /* PokemonCollectionViewCell.swift in Sources */ = {isa = PBXBuildFile; fileRef = 3FC3B1C4212314C700E00389 /* PokemonCollectionViewCell.swift */; };
		3FC3B1C7212314C700E00389 /* PokemonCollectionViewCell.xib in Resources */ = {isa = PBXBuildFile; fileRef = 3FC3B1C5212314C700E00389 /* PokemonCollectionViewCell.xib */; };
/* End PBXBuildFile section */

/* Begin PBXFileReference section */
		3F90A7142121FB2F00C4C112 /* PokemonApp.app */ = {isa = PBXFileReference; explicitFileType = wrapper.application; includeInIndex = 0; path = PokemonApp.app; sourceTree = BUILT_PRODUCTS_DIR; };
		3F90A7172121FB2F00C4C112 /* AppDelegate.swift */ = {isa = PBXFileReference; lastKnownFileType = sourcecode.swift; path = AppDelegate.swift; sourceTree = "<group>"; };
		3F90A71E2121FB3100C4C112 /* Assets.xcassets */ = {isa = PBXFileReference; lastKnownFileType = folder.assetcatalog; path = Assets.xcassets; sourceTree = "<group>"; };
		3F90A7212121FB3100C4C112 /* Base */ = {isa = PBXFileReference; lastKnownFileType = file.storyboard; name = Base; path = Base.lproj/LaunchScreen.storyboard; sourceTree = "<group>"; };
		3F90A7232121FB3100C4C112 /* Info.plist */ = {isa = PBXFileReference; lastKnownFileType = text.plist.xml; path = Info.plist; sourceTree = "<group>"; };
		3F90A72A2121FCB700C4C112 /* CustomUserViewController.swift */ = {isa = PBXFileReference; fileEncoding = 4; lastKnownFileType = sourcecode.swift; path = CustomUserViewController.swift; sourceTree = "<group>"; };
		3F90A72B2121FCB700C4C112 /* PageViewController.swift */ = {isa = PBXFileReference; fileEncoding = 4; lastKnownFileType = sourcecode.swift; path = PageViewController.swift; sourceTree = "<group>"; };
		3F90A72D2121FCB700C4C112 /* SaveDataManager.swift */ = {isa = PBXFileReference; fileEncoding = 4; lastKnownFileType = sourcecode.swift; path = SaveDataManager.swift; sourceTree = "<group>"; };
		3F90A7302121FCB700C4C112 /* Base */ = {isa = PBXFileReference; lastKnownFileType = file.storyboard; name = Base; path = Base.lproj/Main.storyboard; sourceTree = "<group>"; };
		3FC3B1BF2123107800E00389 /* Pokemon.swift */ = {isa = PBXFileReference; lastKnownFileType = sourcecode.swift; path = Pokemon.swift; sourceTree = "<group>"; };
		3FC3B1C12123132400E00389 /* PokedexViewController.swift */ = {isa = PBXFileReference; lastKnownFileType = sourcecode.swift; path = PokedexViewController.swift; sourceTree = "<group>"; };
		3FC3B1C4212314C700E00389 /* PokemonCollectionViewCell.swift */ = {isa = PBXFileReference; lastKnownFileType = sourcecode.swift; path = PokemonCollectionViewCell.swift; sourceTree = "<group>"; };
		3FC3B1C5212314C700E00389 /* PokemonCollectionViewCell.xib */ = {isa = PBXFileReference; lastKnownFileType = file.xib; path = PokemonCollectionViewCell.xib; sourceTree = "<group>"; };
/* End PBXFileReference section */

/* Begin PBXFrameworksBuildPhase section */
		3F90A7112121FB2F00C4C112 /* Frameworks */ = {
			isa = PBXFrameworksBuildPhase;
			buildActionMask = 2147483647;
			files = (
			);
			runOnlyForDeploymentPostprocessing = 0;
		};
/* End PBXFrameworksBuildPhase section */

/* Begin PBXGroup section */
		3F90A70B2121FB2F00C4C112 = {
			isa = PBXGroup;
			children = (
				3F90A7162121FB2F00C4C112 /* PokemonApp */,
				3F90A7152121FB2F00C4C112 /* Products */,
			);
			sourceTree = "<group>";
		};
		3F90A7152121FB2F00C4C112 /* Products */ = {
			isa = PBXGroup;
			children = (
				3F90A7142121FB2F00C4C112 /* PokemonApp.app */,
			);
			name = Products;
			sourceTree = "<group>";
		};
		3F90A7162121FB2F00C4C112 /* PokemonApp */ = {
			isa = PBXGroup;
			children = (
				3F90A72C2121FCB700C4C112 /* Manager */,
				3F90A72E2121FCB700C4C112 /* Storyboards */,
				3FC3B1BE2123106C00E00389 /* Model */,
				3FC3B1C32123149A00E00389 /* View */,
				3F90A7292121FCB700C4C112 /* ViewController */,
				3F90A7172121FB2F00C4C112 /* AppDelegate.swift */,
				3F90A71E2121FB3100C4C112 /* Assets.xcassets */,
				3F90A7202121FB3100C4C112 /* LaunchScreen.storyboard */,
				3F90A7232121FB3100C4C112 /* Info.plist */,
			);
			path = PokemonApp;
			sourceTree = "<group>";
		};
		3F90A7292121FCB700C4C112 /* ViewController */ = {
			isa = PBXGroup;
			children = (
				3F90A72A2121FCB700C4C112 /* CustomUserViewController.swift */,
				3F90A72B2121FCB700C4C112 /* PageViewController.swift */,
				3FC3B1C12123132400E00389 /* PokedexViewController.swift */,
			);
			path = ViewController;
			sourceTree = "<group>";
		};
		3F90A72C2121FCB700C4C112 /* Manager */ = {
			isa = PBXGroup;
			children = (
				3F90A72D2121FCB700C4C112 /* SaveDataManager.swift */,
			);
			path = Manager;
			sourceTree = "<group>";
		};
		3F90A72E2121FCB700C4C112 /* Storyboards */ = {
			isa = PBXGroup;
			children = (
				3F90A72F2121FCB700C4C112 /* Main.storyboard */,
			);
			path = Storyboards;
			sourceTree = "<group>";
		};
		3FC3B1BE2123106C00E00389 /* Model */ = {
			isa = PBXGroup;
			children = (
				3FC3B1BF2123107800E00389 /* Pokemon.swift */,
			);
			path = Model;
			sourceTree = "<group>";
		};
		3FC3B1C32123149A00E00389 /* View */ = {
			isa = PBXGroup;
			children = (
				3FC3B1C4212314C700E00389 /* PokemonCollectionViewCell.swift */,
				3FC3B1C5212314C700E00389 /* PokemonCollectionViewCell.xib */,
			);
			path = View;
			sourceTree = "<group>";
		};
/* End PBXGroup section */

/* Begin PBXNativeTarget section */
		3F90A7132121FB2F00C4C112 /* PokemonApp */ = {
			isa = PBXNativeTarget;
			buildConfigurationList = 3F90A7262121FB3100C4C112 /* Build configuration list for PBXNativeTarget "PokemonApp" */;
			buildPhases = (
				3F90A7102121FB2F00C4C112 /* Sources */,
				3F90A7112121FB2F00C4C112 /* Frameworks */,
				3F90A7122121FB2F00C4C112 /* Resources */,
			);
			buildRules = (
			);
			dependencies = (
			);
			name = PokemonApp;
			productName = PokemonApp;
			productReference = 3F90A7142121FB2F00C4C112 /* PokemonApp.app */;
			productType = "com.apple.product-type.application";
		};
/* End PBXNativeTarget section */

/* Begin PBXProject section */
		3F90A70C2121FB2F00C4C112 /* Project object */ = {
			isa = PBXProject;
			attributes = {
				LastSwiftUpdateCheck = 0940;
				LastUpgradeCheck = 0940;
				ORGANIZATIONNAME = "Kevin Yu";
				TargetAttributes = {
					3F90A7132121FB2F00C4C112 = {
						CreatedOnToolsVersion = 9.4.1;
					};
				};
			};
			buildConfigurationList = 3F90A70F2121FB2F00C4C112 /* Build configuration list for PBXProject "PokemonApp" */;
			compatibilityVersion = "Xcode 9.3";
			developmentRegion = en;
			hasScannedForEncodings = 0;
			knownRegions = (
				en,
				Base,
			);
			mainGroup = 3F90A70B2121FB2F00C4C112;
			productRefGroup = 3F90A7152121FB2F00C4C112 /* Products */;
			projectDirPath = "";
			projectRoot = "";
			targets = (
				3F90A7132121FB2F00C4C112 /* PokemonApp */,
			);
		};
/* End PBXProject section */

/* Begin PBXResourcesBuildPhase section */
		3F90A7122121FB2F00C4C112 /* Resources */ = {
			isa = PBXResourcesBuildPhase;
			buildActionMask = 2147483647;
			files = (
				3F90A7342121FCB700C4C112 /* Main.storyboard in Resources */,
				3F90A7222121FB3100C4C112 /* LaunchScreen.storyboard in Resources */,
				3FC3B1C7212314C700E00389 /* PokemonCollectionViewCell.xib in Resources */,
				3F90A71F2121FB3100C4C112 /* Assets.xcassets in Resources */,
			);
			runOnlyForDeploymentPostprocessing = 0;
		};
/* End PBXResourcesBuildPhase section */

/* Begin PBXSourcesBuildPhase section */
		3F90A7102121FB2F00C4C112 /* Sources */ = {
			isa = PBXSourcesBuildPhase;
			buildActionMask = 2147483647;
			files = (
				3FC3B1C02123107800E00389 /* Pokemon.swift in Sources */,
				3F90A7332121FCB700C4C112 /* SaveDataManager.swift in Sources */,
				3F90A7182121FB2F00C4C112 /* AppDelegate.swift in Sources */,
				3FC3B1C6212314C700E00389 /* PokemonCollectionViewCell.swift in Sources */,
				3FC3B1C22123132400E00389 /* PokedexViewController.swift in Sources */,
				3F90A7312121FCB700C4C112 /* CustomUserViewController.swift in Sources */,
				3F90A7322121FCB700C4C112 /* PageViewController.swift in Sources */,
			);
			runOnlyForDeploymentPostprocessing = 0;
		};
/* End PBXSourcesBuildPhase section */

/* Begin PBXVariantGroup section */
		3F90A7202121FB3100C4C112 /* LaunchScreen.storyboard */ = {
			isa = PBXVariantGroup;
			children = (
				3F90A7212121FB3100C4C112 /* Base */,
			);
			name = LaunchScreen.storyboard;
			sourceTree = "<group>";
		};
		3F90A72F2121FCB700C4C112 /* Main.storyboard */ = {
			isa = PBXVariantGroup;
			children = (
				3F90A7302121FCB700C4C112 /* Base */,
			);
			name = Main.storyboard;
			sourceTree = "<group>";
		};
/* End PBXVariantGroup section */

/* Begin XCBuildConfiguration section */
		3F90A7242121FB3100C4C112 /* Debug */ = {
			isa = XCBuildConfiguration;
			buildSettings = {
				ALWAYS_SEARCH_USER_PATHS = NO;
				CLANG_ANALYZER_NONNULL = YES;
				CLANG_ANALYZER_NUMBER_OBJECT_CONVERSION = YES_AGGRESSIVE;
				CLANG_CXX_LANGUAGE_STANDARD = "gnu++14";
				CLANG_CXX_LIBRARY = "libc++";
				CLANG_ENABLE_MODULES = YES;
				CLANG_ENABLE_OBJC_ARC = YES;
				CLANG_ENABLE_OBJC_WEAK = YES;
				CLANG_WARN_BLOCK_CAPTURE_AUTORELEASING = YES;
				CLANG_WARN_BOOL_CONVERSION = YES;
				CLANG_WARN_COMMA = YES;
				CLANG_WARN_CONSTANT_CONVERSION = YES;
				CLANG_WARN_DEPRECATED_OBJC_IMPLEMENTATIONS = YES;
				CLANG_WARN_DIRECT_OBJC_ISA_USAGE = YES_ERROR;
				CLANG_WARN_DOCUMENTATION_COMMENTS = YES;
				CLANG_WARN_EMPTY_BODY = YES;
				CLANG_WARN_ENUM_CONVERSION = YES;
				CLANG_WARN_INFINITE_RECURSION = YES;
				CLANG_WARN_INT_CONVERSION = YES;
				CLANG_WARN_NON_LITERAL_NULL_CONVERSION = YES;
				CLANG_WARN_OBJC_IMPLICIT_RETAIN_SELF = YES;
				CLANG_WARN_OBJC_LITERAL_CONVERSION = YES;
				CLANG_WARN_OBJC_ROOT_CLASS = YES_ERROR;
				CLANG_WARN_RANGE_LOOP_ANALYSIS = YES;
				CLANG_WARN_STRICT_PROTOTYPES = YES;
				CLANG_WARN_SUSPICIOUS_MOVE = YES;
				CLANG_WARN_UNGUARDED_AVAILABILITY = YES_AGGRESSIVE;
				CLANG_WARN_UNREACHABLE_CODE = YES;
				CLANG_WARN__DUPLICATE_METHOD_MATCH = YES;
				CODE_SIGN_IDENTITY = "iPhone Developer";
				COPY_PHASE_STRIP = NO;
				DEBUG_INFORMATION_FORMAT = dwarf;
				ENABLE_STRICT_OBJC_MSGSEND = YES;
				ENABLE_TESTABILITY = YES;
				GCC_C_LANGUAGE_STANDARD = gnu11;
				GCC_DYNAMIC_NO_PIC = NO;
				GCC_NO_COMMON_BLOCKS = YES;
				GCC_OPTIMIZATION_LEVEL = 0;
				GCC_PREPROCESSOR_DEFINITIONS = (
					"DEBUG=1",
					"$(inherited)",
				);
				GCC_WARN_64_TO_32_BIT_CONVERSION = YES;
				GCC_WARN_ABOUT_RETURN_TYPE = YES_ERROR;
				GCC_WARN_UNDECLARED_SELECTOR = YES;
				GCC_WARN_UNINITIALIZED_AUTOS = YES_AGGRESSIVE;
				GCC_WARN_UNUSED_FUNCTION = YES;
				GCC_WARN_UNUSED_VARIABLE = YES;
				IPHONEOS_DEPLOYMENT_TARGET = 11.4;
				MTL_ENABLE_DEBUG_INFO = YES;
				ONLY_ACTIVE_ARCH = YES;
				SDKROOT = iphoneos;
				SWIFT_ACTIVE_COMPILATION_CONDITIONS = DEBUG;
				SWIFT_OPTIMIZATION_LEVEL = "-Onone";
			};
			name = Debug;
		};
		3F90A7252121FB3100C4C112 /* Release */ = {
			isa = XCBuildConfiguration;
			buildSettings = {
				ALWAYS_SEARCH_USER_PATHS = NO;
				CLANG_ANALYZER_NONNULL = YES;
				CLANG_ANALYZER_NUMBER_OBJECT_CONVERSION = YES_AGGRESSIVE;
				CLANG_CXX_LANGUAGE_STANDARD = "gnu++14";
				CLANG_CXX_LIBRARY = "libc++";
				CLANG_ENABLE_MODULES = YES;
				CLANG_ENABLE_OBJC_ARC = YES;
				CLANG_ENABLE_OBJC_WEAK = YES;
				CLANG_WARN_BLOCK_CAPTURE_AUTORELEASING = YES;
				CLANG_WARN_BOOL_CONVERSION = YES;
				CLANG_WARN_COMMA = YES;
				CLANG_WARN_CONSTANT_CONVERSION = YES;
				CLANG_WARN_DEPRECATED_OBJC_IMPLEMENTATIONS = YES;
				CLANG_WARN_DIRECT_OBJC_ISA_USAGE = YES_ERROR;
				CLANG_WARN_DOCUMENTATION_COMMENTS = YES;
				CLANG_WARN_EMPTY_BODY = YES;
				CLANG_WARN_ENUM_CONVERSION = YES;
				CLANG_WARN_INFINITE_RECURSION = YES;
				CLANG_WARN_INT_CONVERSION = YES;
				CLANG_WARN_NON_LITERAL_NULL_CONVERSION = YES;
				CLANG_WARN_OBJC_IMPLICIT_RETAIN_SELF = YES;
				CLANG_WARN_OBJC_LITERAL_CONVERSION = YES;
				CLANG_WARN_OBJC_ROOT_CLASS = YES_ERROR;
				CLANG_WARN_RANGE_LOOP_ANALYSIS = YES;
				CLANG_WARN_STRICT_PROTOTYPES = YES;
				CLANG_WARN_SUSPICIOUS_MOVE = YES;
				CLANG_WARN_UNGUARDED_AVAILABILITY = YES_AGGRESSIVE;
				CLANG_WARN_UNREACHABLE_CODE = YES;
				CLANG_WARN__DUPLICATE_METHOD_MATCH = YES;
				CODE_SIGN_IDENTITY = "iPhone Developer";
				COPY_PHASE_STRIP = NO;
				DEBUG_INFORMATION_FORMAT = "dwarf-with-dsym";
				ENABLE_NS_ASSERTIONS = NO;
				ENABLE_STRICT_OBJC_MSGSEND = YES;
				GCC_C_LANGUAGE_STANDARD = gnu11;
				GCC_NO_COMMON_BLOCKS = YES;
				GCC_WARN_64_TO_32_BIT_CONVERSION = YES;
				GCC_WARN_ABOUT_RETURN_TYPE = YES_ERROR;
				GCC_WARN_UNDECLARED_SELECTOR = YES;
				GCC_WARN_UNINITIALIZED_AUTOS = YES_AGGRESSIVE;
				GCC_WARN_UNUSED_FUNCTION = YES;
				GCC_WARN_UNUSED_VARIABLE = YES;
				IPHONEOS_DEPLOYMENT_TARGET = 11.4;
				MTL_ENABLE_DEBUG_INFO = NO;
				SDKROOT = iphoneos;
				SWIFT_COMPILATION_MODE = wholemodule;
				SWIFT_OPTIMIZATION_LEVEL = "-O";
				VALIDATE_PRODUCT = YES;
			};
			name = Release;
		};
		3F90A7272121FB3100C4C112 /* Debug */ = {
			isa = XCBuildConfiguration;
			buildSettings = {
				ASSETCATALOG_COMPILER_APPICON_NAME = AppIcon;
				CODE_SIGN_STYLE = Automatic;
				INFOPLIST_FILE = PokemonApp/Info.plist;
				LD_RUNPATH_SEARCH_PATHS = (
					"$(inherited)",
					"@executable_path/Frameworks",
				);
				PRODUCT_BUNDLE_IDENTIFIER = kevinyu.PokemonApp;
				PRODUCT_NAME = "$(TARGET_NAME)";
				SWIFT_VERSION = 4.0;
				TARGETED_DEVICE_FAMILY = "1,2";
			};
			name = Debug;
		};
		3F90A7282121FB3100C4C112 /* Release */ = {
			isa = XCBuildConfiguration;
			buildSettings = {
				ASSETCATALOG_COMPILER_APPICON_NAME = AppIcon;
				CODE_SIGN_STYLE = Automatic;
				INFOPLIST_FILE = PokemonApp/Info.plist;
				LD_RUNPATH_SEARCH_PATHS = (
					"$(inherited)",
					"@executable_path/Frameworks",
				);
				PRODUCT_BUNDLE_IDENTIFIER = kevinyu.PokemonApp;
				PRODUCT_NAME = "$(TARGET_NAME)";
				SWIFT_VERSION = 4.0;
				TARGETED_DEVICE_FAMILY = "1,2";
			};
			name = Release;
		};
/* End XCBuildConfiguration section */

/* Begin XCConfigurationList section */
		3F90A70F2121FB2F00C4C112 /* Build configuration list for PBXProject "PokemonApp" */ = {
			isa = XCConfigurationList;
			buildConfigurations = (
				3F90A7242121FB3100C4C112 /* Debug */,
				3F90A7252121FB3100C4C112 /* Release */,
			);
			defaultConfigurationIsVisible = 0;
			defaultConfigurationName = Release;
		};
		3F90A7262121FB3100C4C112 /* Build configuration list for PBXNativeTarget "PokemonApp" */ = {
			isa = XCConfigurationList;
			buildConfigurations = (
				3F90A7272121FB3100C4C112 /* Debug */,
				3F90A7282121FB3100C4C112 /* Release */,
			);
			defaultConfigurationIsVisible = 0;
			defaultConfigurationName = Release;
		};
/* End XCConfigurationList section */
	};
	rootObject = 3F90A70C2121FB2F00C4C112 /* Project object */;
}
